// !$*UTF8*$!
{
	archiveVersion = 1;
	classes = {
	};
	objectVersion = 46;
	objects = {

/* Begin PBXBuildFile section */
		0C4EA3D51DE5588A00B1F462 /* main.m in Sources */ = {isa = PBXBuildFile; fileRef = 0C4EA3D41DE5588A00B1F462 /* main.m */; };
		0C4EA3DE1DE5588A00B1F462 /* Main.storyboard in Resources */ = {isa = PBXBuildFile; fileRef = 0C4EA3DC1DE5588A00B1F462 /* Main.storyboard */; };
		0C4EA3E01DE5588A00B1F462 /* Assets.xcassets in Resources */ = {isa = PBXBuildFile; fileRef = 0C4EA3DF1DE5588A00B1F462 /* Assets.xcassets */; };
		0C4EA3E31DE5588A00B1F462 /* LaunchScreen.storyboard in Resources */ = {isa = PBXBuildFile; fileRef = 0C4EA3E11DE5588A00B1F462 /* LaunchScreen.storyboard */; };
		0C4EA3EC1DE5589F00B1F462 /* AppDelegate.m in Sources */ = {isa = PBXBuildFile; fileRef = 0C4EA3EB1DE5589F00B1F462 /* AppDelegate.m */; };
		0C4EA3FE1DE558A500B1F462 /* ViewController.m in Sources */ = {isa = PBXBuildFile; fileRef = 0C4EA3F11DE558A500B1F462 /* ViewController.m */; };
		0C4EA3FF1DE558A500B1F462 /* ChapterModel.m in Sources */ = {isa = PBXBuildFile; fileRef = 0C4EA3F41DE558A500B1F462 /* ChapterModel.m */; };
		0C4EA4001DE558A500B1F462 /* SectionModel.m in Sources */ = {isa = PBXBuildFile; fileRef = 0C4EA3F61DE558A500B1F462 /* SectionModel.m */; };
		0C4EA4011DE558A500B1F462 /* XGCell.m in Sources */ = {isa = PBXBuildFile; fileRef = 0C4EA3F91DE558A500B1F462 /* XGCell.m */; };
		0C4EA4041DE55A4C00B1F462 /* Property List.plist in Resources */ = {isa = PBXBuildFile; fileRef = 0C4EA4031DE55A4C00B1F462 /* Property List.plist */; };
		0C4EA40B1DE55B7700B1F462 /* XGViewController.m in Sources */ = {isa = PBXBuildFile; fileRef = 0C4EA40A1DE55B7700B1F462 /* XGViewController.m */; };
		0C4EA40E1DE55D6800B1F462 /* XGPredicateVC.m in Sources */ = {isa = PBXBuildFile; fileRef = 0C4EA40D1DE55D6800B1F462 /* XGPredicateVC.m */; };
		7FBBDD67784A420E2C8D703F /* libPods-Objc2016.a in Frameworks */ = {isa = PBXBuildFile; fileRef = 0E3EED91BDD8C2D8D23AD4E5 /* libPods-Objc2016.a */; };
/* End PBXBuildFile section */

/* Begin PBXFileReference section */
		0C4EA3D01DE5588A00B1F462 /* Objc2016.app */ = {isa = PBXFileReference; explicitFileType = wrapper.application; includeInIndex = 0; path = Objc2016.app; sourceTree = BUILT_PRODUCTS_DIR; };
		0C4EA3D41DE5588A00B1F462 /* main.m */ = {isa = PBXFileReference; lastKnownFileType = sourcecode.c.objc; path = main.m; sourceTree = "<group>"; };
		0C4EA3DD1DE5588A00B1F462 /* Base */ = {isa = PBXFileReference; lastKnownFileType = file.storyboard; name = Base; path = Base.lproj/Main.storyboard; sourceTree = "<group>"; };
		0C4EA3DF1DE5588A00B1F462 /* Assets.xcassets */ = {isa = PBXFileReference; lastKnownFileType = folder.assetcatalog; name = Assets.xcassets; path = ../Assets.xcassets; sourceTree = "<group>"; };
		0C4EA3E21DE5588A00B1F462 /* Base */ = {isa = PBXFileReference; lastKnownFileType = file.storyboard; name = Base; path = Base.lproj/LaunchScreen.storyboard; sourceTree = "<group>"; };
		0C4EA3E41DE5588A00B1F462 /* Info.plist */ = {isa = PBXFileReference; lastKnownFileType = text.plist.xml; path = Info.plist; sourceTree = "<group>"; };
		0C4EA3EA1DE5589F00B1F462 /* AppDelegate.h */ = {isa = PBXFileReference; fileEncoding = 4; lastKnownFileType = sourcecode.c.h; path = AppDelegate.h; sourceTree = "<group>"; };
		0C4EA3EB1DE5589F00B1F462 /* AppDelegate.m */ = {isa = PBXFileReference; fileEncoding = 4; lastKnownFileType = sourcecode.c.objc; path = AppDelegate.m; sourceTree = "<group>"; };
		0C4EA3F01DE558A500B1F462 /* ViewController.h */ = {isa = PBXFileReference; fileEncoding = 4; lastKnownFileType = sourcecode.c.h; path = ViewController.h; sourceTree = "<group>"; };
		0C4EA3F11DE558A500B1F462 /* ViewController.m */ = {isa = PBXFileReference; fileEncoding = 4; lastKnownFileType = sourcecode.c.objc; path = ViewController.m; sourceTree = "<group>"; };
		0C4EA3F31DE558A500B1F462 /* ChapterModel.h */ = {isa = PBXFileReference; fileEncoding = 4; lastKnownFileType = sourcecode.c.h; path = ChapterModel.h; sourceTree = "<group>"; };
		0C4EA3F41DE558A500B1F462 /* ChapterModel.m */ = {isa = PBXFileReference; fileEncoding = 4; lastKnownFileType = sourcecode.c.objc; path = ChapterModel.m; sourceTree = "<group>"; };
		0C4EA3F51DE558A500B1F462 /* SectionModel.h */ = {isa = PBXFileReference; fileEncoding = 4; lastKnownFileType = sourcecode.c.h; path = SectionModel.h; sourceTree = "<group>"; };
		0C4EA3F61DE558A500B1F462 /* SectionModel.m */ = {isa = PBXFileReference; fileEncoding = 4; lastKnownFileType = sourcecode.c.objc; path = SectionModel.m; sourceTree = "<group>"; };
		0C4EA3F81DE558A500B1F462 /* XGCell.h */ = {isa = PBXFileReference; fileEncoding = 4; lastKnownFileType = sourcecode.c.h; path = XGCell.h; sourceTree = "<group>"; };
		0C4EA3F91DE558A500B1F462 /* XGCell.m */ = {isa = PBXFileReference; fileEncoding = 4; lastKnownFileType = sourcecode.c.objc; path = XGCell.m; sourceTree = "<group>"; };
		0C4EA4031DE55A4C00B1F462 /* Property List.plist */ = {isa = PBXFileReference; fileEncoding = 4; lastKnownFileType = text.plist.xml; path = "Property List.plist"; sourceTree = "<group>"; };
		0C4EA4091DE55B7700B1F462 /* XGViewController.h */ = {isa = PBXFileReference; fileEncoding = 4; lastKnownFileType = sourcecode.c.h; path = XGViewController.h; sourceTree = "<group>"; };
		0C4EA40A1DE55B7700B1F462 /* XGViewController.m */ = {isa = PBXFileReference; fileEncoding = 4; lastKnownFileType = sourcecode.c.objc; path = XGViewController.m; sourceTree = "<group>"; };
		0C4EA40C1DE55D6800B1F462 /* XGPredicateVC.h */ = {isa = PBXFileReference; fileEncoding = 4; lastKnownFileType = sourcecode.c.h; path = XGPredicateVC.h; sourceTree = "<group>"; };
		0C4EA40D1DE55D6800B1F462 /* XGPredicateVC.m */ = {isa = PBXFileReference; fileEncoding = 4; lastKnownFileType = sourcecode.c.objc; path = XGPredicateVC.m; sourceTree = "<group>"; };
		0E3EED91BDD8C2D8D23AD4E5 /* libPods-Objc2016.a */ = {isa = PBXFileReference; explicitFileType = archive.ar; includeInIndex = 0; path = "libPods-Objc2016.a"; sourceTree = BUILT_PRODUCTS_DIR; };
		8E50328EC508E0756E05C64E /* Pods-Objc2016.debug.xcconfig */ = {isa = PBXFileReference; includeInIndex = 1; lastKnownFileType = text.xcconfig; name = "Pods-Objc2016.debug.xcconfig"; path = "Pods/Target Support Files/Pods-Objc2016/Pods-Objc2016.debug.xcconfig"; sourceTree = "<group>"; };
		E9F631AE0406A8A30F904615 /* Pods-Objc2016.release.xcconfig */ = {isa = PBXFileReference; includeInIndex = 1; lastKnownFileType = text.xcconfig; name = "Pods-Objc2016.release.xcconfig"; path = "Pods/Target Support Files/Pods-Objc2016/Pods-Objc2016.release.xcconfig"; sourceTree = "<group>"; };
/* End PBXFileReference section */

/* Begin PBXFrameworksBuildPhase section */
		0C4EA3CD1DE5588A00B1F462 /* Frameworks */ = {
			isa = PBXFrameworksBuildPhase;
			buildActionMask = 2147483647;
			files = (
				7FBBDD67784A420E2C8D703F /* libPods-Objc2016.a in Frameworks */,
			);
			runOnlyForDeploymentPostprocessing = 0;
		};
/* End PBXFrameworksBuildPhase section */

/* Begin PBXGroup section */
		0AE1DB1D541FBB545E1FD4B6 /* Pods */ = {
			isa = PBXGroup;
			children = (
				8E50328EC508E0756E05C64E /* Pods-Objc2016.debug.xcconfig */,
				E9F631AE0406A8A30F904615 /* Pods-Objc2016.release.xcconfig */,
			);
			name = Pods;
			sourceTree = "<group>";
		};
		0C4EA3C71DE5588A00B1F462 = {
			isa = PBXGroup;
			children = (
				0C4EA3D21DE5588A00B1F462 /* Objc2016 */,
				0C4EA3D11DE5588A00B1F462 /* Products */,
				0AE1DB1D541FBB545E1FD4B6 /* Pods */,
				B4FB1FB3C793026F6249BE7C /* Frameworks */,
			);
			sourceTree = "<group>";
		};
		0C4EA3D11DE5588A00B1F462 /* Products */ = {
			isa = PBXGroup;
			children = (
				0C4EA3D01DE5588A00B1F462 /* Objc2016.app */,
			);
			name = Products;
			sourceTree = "<group>";
		};
		0C4EA3D21DE5588A00B1F462 /* Objc2016 */ = {
			isa = PBXGroup;
			children = (
				0C4EA3EA1DE5589F00B1F462 /* AppDelegate.h */,
				0C4EA3EB1DE5589F00B1F462 /* AppDelegate.m */,
				0C4EA3E41DE5588A00B1F462 /* Info.plist */,
				0C4EA4021DE55A4C00B1F462 /* Resource */,
				0C4EA3ED1DE558A500B1F462 /* Class */,
				0C4EA3D31DE5588A00B1F462 /* Supporting Files */,
			);
			path = Objc2016;
			sourceTree = "<group>";
		};
		0C4EA3D31DE5588A00B1F462 /* Supporting Files */ = {
			isa = PBXGroup;
			children = (
				0C4EA3D41DE5588A00B1F462 /* main.m */,
			);
			name = "Supporting Files";
			sourceTree = "<group>";
		};
		0C4EA3ED1DE558A500B1F462 /* Class */ = {
			isa = PBXGroup;
			children = (
				0C4EA3EE1DE558A500B1F462 /* Root */,
				0C4EA4051DE55B3E00B1F462 /* 01_NSPredicate */,
			);
			path = Class;
			sourceTree = "<group>";
		};
		0C4EA3EE1DE558A500B1F462 /* Root */ = {
			isa = PBXGroup;
			children = (
				0C4EA3EF1DE558A500B1F462 /* Controller */,
				0C4EA3F21DE558A500B1F462 /* Model */,
				0C4EA3F71DE558A500B1F462 /* View */,
			);
			path = Root;
			sourceTree = "<group>";
		};
		0C4EA3EF1DE558A500B1F462 /* Controller */ = {
			isa = PBXGroup;
			children = (
				0C4EA3F01DE558A500B1F462 /* ViewController.h */,
				0C4EA3F11DE558A500B1F462 /* ViewController.m */,
				0C4EA4091DE55B7700B1F462 /* XGViewController.h */,
				0C4EA40A1DE55B7700B1F462 /* XGViewController.m */,
			);
			path = Controller;
			sourceTree = "<group>";
		};
		0C4EA3F21DE558A500B1F462 /* Model */ = {
			isa = PBXGroup;
			children = (
				0C4EA3F31DE558A500B1F462 /* ChapterModel.h */,
				0C4EA3F41DE558A500B1F462 /* ChapterModel.m */,
				0C4EA3F51DE558A500B1F462 /* SectionModel.h */,
				0C4EA3F61DE558A500B1F462 /* SectionModel.m */,
			);
			path = Model;
			sourceTree = "<group>";
		};
		0C4EA3F71DE558A500B1F462 /* View */ = {
			isa = PBXGroup;
			children = (
				0C4EA3F81DE558A500B1F462 /* XGCell.h */,
				0C4EA3F91DE558A500B1F462 /* XGCell.m */,
			);
			path = View;
			sourceTree = "<group>";
		};
		0C4EA4021DE55A4C00B1F462 /* Resource */ = {
			isa = PBXGroup;
			children = (
				0C4EA4031DE55A4C00B1F462 /* Property List.plist */,
				0C4EA3DF1DE5588A00B1F462 /* Assets.xcassets */,
				0C4EA3DC1DE5588A00B1F462 /* Main.storyboard */,
				0C4EA3E11DE5588A00B1F462 /* LaunchScreen.storyboard */,
			);
			path = Resource;
			sourceTree = "<group>";
		};
		0C4EA4051DE55B3E00B1F462 /* 01_NSPredicate */ = {
			isa = PBXGroup;
			children = (
				0C4EA4061DE55B3E00B1F462 /* Controller */,
				0C4EA4071DE55B3E00B1F462 /* Model */,
				0C4EA4081DE55B3E00B1F462 /* View */,
			);
			path = 01_NSPredicate;
			sourceTree = "<group>";
		};
		0C4EA4061DE55B3E00B1F462 /* Controller */ = {
			isa = PBXGroup;
			children = (
				0C4EA40C1DE55D6800B1F462 /* XGPredicateVC.h */,
				0C4EA40D1DE55D6800B1F462 /* XGPredicateVC.m */,
			);
			path = Controller;
			sourceTree = "<group>";
		};
		0C4EA4071DE55B3E00B1F462 /* Model */ = {
			isa = PBXGroup;
			children = (
			);
			path = Model;
			sourceTree = "<group>";
		};
		0C4EA4081DE55B3E00B1F462 /* View */ = {
			isa = PBXGroup;
			children = (
			);
			path = View;
			sourceTree = "<group>";
		};
		B4FB1FB3C793026F6249BE7C /* Frameworks */ = {
			isa = PBXGroup;
			children = (
				0E3EED91BDD8C2D8D23AD4E5 /* libPods-Objc2016.a */,
			);
			name = Frameworks;
			sourceTree = "<group>";
		};
/* End PBXGroup section */

/* Begin PBXNativeTarget section */
		0C4EA3CF1DE5588A00B1F462 /* Objc2016 */ = {
			isa = PBXNativeTarget;
			buildConfigurationList = 0C4EA3E71DE5588A00B1F462 /* Build configuration list for PBXNativeTarget "Objc2016" */;
			buildPhases = (
				A630AB0DCDD092DC00F143AC /* [CP] Check Pods Manifest.lock */,
				0C4EA3CC1DE5588A00B1F462 /* Sources */,
				0C4EA3CD1DE5588A00B1F462 /* Frameworks */,
				0C4EA3CE1DE5588A00B1F462 /* Resources */,
				DFF747B088EDB93C5942B3AD /* [CP] Embed Pods Frameworks */,
				07CC351259D0B156C030FA15 /* [CP] Copy Pods Resources */,
			);
			buildRules = (
			);
			dependencies = (
			);
			name = Objc2016;
			productName = Objc2016;
			productReference = 0C4EA3D01DE5588A00B1F462 /* Objc2016.app */;
			productType = "com.apple.product-type.application";
		};
/* End PBXNativeTarget section */

/* Begin PBXProject section */
		0C4EA3C81DE5588A00B1F462 /* Project object */ = {
			isa = PBXProject;
			attributes = {
				LastUpgradeCheck = 0810;
				ORGANIZATIONNAME = Yuen;
				TargetAttributes = {
					0C4EA3CF1DE5588A00B1F462 = {
						CreatedOnToolsVersion = 8.1;
						DevelopmentTeam = 9S959SBGCQ;
						ProvisioningStyle = Automatic;
					};
				};
			};
			buildConfigurationList = 0C4EA3CB1DE5588A00B1F462 /* Build configuration list for PBXProject "Objc2016" */;
			compatibilityVersion = "Xcode 3.2";
			developmentRegion = English;
			hasScannedForEncodings = 0;
			knownRegions = (
				en,
				Base,
			);
			mainGroup = 0C4EA3C71DE5588A00B1F462;
			productRefGroup = 0C4EA3D11DE5588A00B1F462 /* Products */;
			projectDirPath = "";
			projectRoot = "";
			targets = (
				0C4EA3CF1DE5588A00B1F462 /* Objc2016 */,
			);
		};
/* End PBXProject section */

/* Begin PBXResourcesBuildPhase section */
		0C4EA3CE1DE5588A00B1F462 /* Resources */ = {
			isa = PBXResourcesBuildPhase;
			buildActionMask = 2147483647;
			files = (
				0C4EA3E31DE5588A00B1F462 /* LaunchScreen.storyboard in Resources */,
				0C4EA3E01DE5588A00B1F462 /* Assets.xcassets in Resources */,
				0C4EA4041DE55A4C00B1F462 /* Property List.plist in Resources */,
				0C4EA3DE1DE5588A00B1F462 /* Main.storyboard in Resources */,
			);
			runOnlyForDeploymentPostprocessing = 0;
		};
/* End PBXResourcesBuildPhase section */

/* Begin PBXShellScriptBuildPhase section */
		07CC351259D0B156C030FA15 /* [CP] Copy Pods Resources */ = {
			isa = PBXShellScriptBuildPhase;
			buildActionMask = 2147483647;
			files = (
			);
			inputPaths = (
			);
			name = "[CP] Copy Pods Resources";
			outputPaths = (
			);
			runOnlyForDeploymentPostprocessing = 0;
			shellPath = /bin/sh;
			shellScript = "\"${SRCROOT}/Pods/Target Support Files/Pods-Objc2016/Pods-Objc2016-resources.sh\"\n";
			showEnvVarsInLog = 0;
		};
		A630AB0DCDD092DC00F143AC /* [CP] Check Pods Manifest.lock */ = {
			isa = PBXShellScriptBuildPhase;
			buildActionMask = 2147483647;
			files = (
			);
			inputPaths = (
			);
			name = "[CP] Check Pods Manifest.lock";
			outputPaths = (
			);
			runOnlyForDeploymentPostprocessing = 0;
			shellPath = /bin/sh;
			shellScript = "diff \"${PODS_ROOT}/../Podfile.lock\" \"${PODS_ROOT}/Manifest.lock\" > /dev/null\nif [[ $? != 0 ]] ; then\n    cat << EOM\nerror: The sandbox is not in sync with the Podfile.lock. Run 'pod install' or update your CocoaPods installation.\nEOM\n    exit 1\nfi\n";
			showEnvVarsInLog = 0;
		};
		DFF747B088EDB93C5942B3AD /* [CP] Embed Pods Frameworks */ = {
			isa = PBXShellScriptBuildPhase;
			buildActionMask = 2147483647;
			files = (
			);
			inputPaths = (
			);
			name = "[CP] Embed Pods Frameworks";
			outputPaths = (
			);
			runOnlyForDeploymentPostprocessing = 0;
			shellPath = /bin/sh;
			shellScript = "\"${SRCROOT}/Pods/Target Support Files/Pods-Objc2016/Pods-Objc2016-frameworks.sh\"\n";
			showEnvVarsInLog = 0;
		};
/* End PBXShellScriptBuildPhase section */

/* Begin PBXSourcesBuildPhase section */
		0C4EA3CC1DE5588A00B1F462 /* Sources */ = {
			isa = PBXSourcesBuildPhase;
			buildActionMask = 2147483647;
			files = (
				0C4EA3FF1DE558A500B1F462 /* ChapterModel.m in Sources */,
				0C4EA4011DE558A500B1F462 /* XGCell.m in Sources */,
				0C4EA3D51DE5588A00B1F462 /* main.m in Sources */,
				0C4EA40E1DE55D6800B1F462 /* XGPredicateVC.m in Sources */,
				0C4EA3FE1DE558A500B1F462 /* ViewController.m in Sources */,
				0C4EA40B1DE55B7700B1F462 /* XGViewController.m in Sources */,
				0C4EA3EC1DE5589F00B1F462 /* AppDelegate.m in Sources */,
				0C4EA4001DE558A500B1F462 /* SectionModel.m in Sources */,
			);
			runOnlyForDeploymentPostprocessing = 0;
		};
/* End PBXSourcesBuildPhase section */

/* Begin PBXVariantGroup section */
		0C4EA3DC1DE5588A00B1F462 /* Main.storyboard */ = {
			isa = PBXVariantGroup;
			children = (
				0C4EA3DD1DE5588A00B1F462 /* Base */,
			);
			name = Main.storyboard;
			path = ..;
			sourceTree = "<group>";
		};
		0C4EA3E11DE5588A00B1F462 /* LaunchScreen.storyboard */ = {
			isa = PBXVariantGroup;
			children = (
				0C4EA3E21DE5588A00B1F462 /* Base */,
			);
			name = LaunchScreen.storyboard;
			path = ..;
			sourceTree = "<group>";
		};
/* End PBXVariantGroup section */

/* Begin XCBuildConfiguration section */
		0C4EA3E51DE5588A00B1F462 /* Debug */ = {
			isa = XCBuildConfiguration;
			buildSettings = {
				ALWAYS_SEARCH_USER_PATHS = NO;
				CLANG_ANALYZER_NONNULL = YES;
				CLANG_CXX_LANGUAGE_STANDARD = "gnu++0x";
				CLANG_CXX_LIBRARY = "libc++";
				CLANG_ENABLE_MODULES = YES;
				CLANG_ENABLE_OBJC_ARC = YES;
				CLANG_WARN_BOOL_CONVERSION = YES;
				CLANG_WARN_CONSTANT_CONVERSION = YES;
				CLANG_WARN_DIRECT_OBJC_ISA_USAGE = YES_ERROR;
				CLANG_WARN_DOCUMENTATION_COMMENTS = YES;
				CLANG_WARN_EMPTY_BODY = YES;
				CLANG_WARN_ENUM_CONVERSION = YES;
				CLANG_WARN_INFINITE_RECURSION = YES;
				CLANG_WARN_INT_CONVERSION = YES;
				CLANG_WARN_OBJC_ROOT_CLASS = YES_ERROR;
				CLANG_WARN_SUSPICIOUS_MOVES = YES;
				CLANG_WARN_UNREACHABLE_CODE = YES;
				CLANG_WARN__DUPLICATE_METHOD_MATCH = YES;
				"CODE_SIGN_IDENTITY[sdk=iphoneos*]" = "iPhone Developer";
				COPY_PHASE_STRIP = NO;
				DEBUG_INFORMATION_FORMAT = dwarf;
				ENABLE_STRICT_OBJC_MSGSEND = YES;
				ENABLE_TESTABILITY = YES;
				GCC_C_LANGUAGE_STANDARD = gnu99;
				GCC_DYNAMIC_NO_PIC = NO;
				GCC_NO_COMMON_BLOCKS = YES;
				GCC_OPTIMIZATION_LEVEL = 0;
				GCC_PREPROCESSOR_DEFINITIONS = (
					"DEBUG=1",
					"$(inherited)",
				);
				GCC_WARN_64_TO_32_BIT_CONVERSION = YES;
				GCC_WARN_ABOUT_RETURN_TYPE = YES_ERROR;
				GCC_WARN_UNDECLARED_SELECTOR = YES;
				GCC_WARN_UNINITIALIZED_AUTOS = YES_AGGRESSIVE;
				GCC_WARN_UNUSED_FUNCTION = YES;
				GCC_WARN_UNUSED_VARIABLE = YES;
				IPHONEOS_DEPLOYMENT_TARGET = 10.1;
				MTL_ENABLE_DEBUG_INFO = YES;
				ONLY_ACTIVE_ARCH = YES;
				SDKROOT = iphoneos;
			};
			name = Debug;
		};
		0C4EA3E61DE5588A00B1F462 /* Release */ = {
			isa = XCBuildConfiguration;
			buildSettings = {
				ALWAYS_SEARCH_USER_PATHS = NO;
				CLANG_ANALYZER_NONNULL = YES;
				CLANG_CXX_LANGUAGE_STANDARD = "gnu++0x";
				CLANG_CXX_LIBRARY = "libc++";
				CLANG_ENABLE_MODULES = YES;
				CLANG_ENABLE_OBJC_ARC = YES;
				CLANG_WARN_BOOL_CONVERSION = YES;
				CLANG_WARN_CONSTANT_CONVERSION = YES;
				CLANG_WARN_DIRECT_OBJC_ISA_USAGE = YES_ERROR;
				CLANG_WARN_DOCUMENTATION_COMMENTS = YES;
				CLANG_WARN_EMPTY_BODY = YES;
				CLANG_WARN_ENUM_CONVERSION = YES;
				CLANG_WARN_INFINITE_RECURSION = YES;
				CLANG_WARN_INT_CONVERSION = YES;
				CLANG_WARN_OBJC_ROOT_CLASS = YES_ERROR;
				CLANG_WARN_SUSPICIOUS_MOVES = YES;
				CLANG_WARN_UNREACHABLE_CODE = YES;
				CLANG_WARN__DUPLICATE_METHOD_MATCH = YES;
				"CODE_SIGN_IDENTITY[sdk=iphoneos*]" = "iPhone Developer";
				COPY_PHASE_STRIP = NO;
				DEBUG_INFORMATION_FORMAT = "dwarf-with-dsym";
				ENABLE_NS_ASSERTIONS = NO;
				ENABLE_STRICT_OBJC_MSGSEND = YES;
				GCC_C_LANGUAGE_STANDARD = gnu99;
				GCC_NO_COMMON_BLOCKS = YES;
				GCC_WARN_64_TO_32_BIT_CONVERSION = YES;
				GCC_WARN_ABOUT_RETURN_TYPE = YES_ERROR;
				GCC_WARN_UNDECLARED_SELECTOR = YES;
				GCC_WARN_UNINITIALIZED_AUTOS = YES_AGGRESSIVE;
				GCC_WARN_UNUSED_FUNCTION = YES;
				GCC_WARN_UNUSED_VARIABLE = YES;
				IPHONEOS_DEPLOYMENT_TARGET = 10.1;
				MTL_ENABLE_DEBUG_INFO = NO;
				SDKROOT = iphoneos;
				VALIDATE_PRODUCT = YES;
			};
			name = Release;
		};
		0C4EA3E81DE5588A00B1F462 /* Debug */ = {
			isa = XCBuildConfiguration;
			baseConfigurationReference = 8E50328EC508E0756E05C64E /* Pods-Objc2016.debug.xcconfig */;
			buildSettings = {
				ASSETCATALOG_COMPILER_APPICON_NAME = AppIcon;
				DEVELOPMENT_TEAM = 9S959SBGCQ;
				INFOPLIST_FILE = Objc2016/Info.plist;
				LD_RUNPATH_SEARCH_PATHS = "$(inherited) @executable_path/Frameworks";
				PRODUCT_BUNDLE_IDENTIFIER = com.Yuen.Objc2016;
				PRODUCT_NAME = "$(TARGET_NAME)";
			};
			name = Debug;
		};
		0C4EA3E91DE5588A00B1F462 /* Release */ = {
			isa = XCBuildConfiguration;
			baseConfigurationReference = E9F631AE0406A8A30F904615 /* Pods-Objc2016.release.xcconfig */;
			buildSettings = {
				ASSETCATALOG_COMPILER_APPICON_NAME = AppIcon;
				DEVELOPMENT_TEAM = 9S959SBGCQ;
				INFOPLIST_FILE = Objc2016/Info.plist;
				LD_RUNPATH_SEARCH_PATHS = "$(inherited) @executable_path/Frameworks";
				PRODUCT_BUNDLE_IDENTIFIER = com.Yuen.Objc2016;
				PRODUCT_NAME = "$(TARGET_NAME)";
			};
			name = Release;
		};
/* End XCBuildConfiguration section */

/* Begin XCConfigurationList section */
		0C4EA3CB1DE5588A00B1F462 /* Build configuration list for PBXProject "Objc2016" */ = {
			isa = XCConfigurationList;
			buildConfigurations = (
				0C4EA3E51DE5588A00B1F462 /* Debug */,
				0C4EA3E61DE5588A00B1F462 /* Release */,
			);
			defaultConfigurationIsVisible = 0;
			defaultConfigurationName = Release;
		};
		0C4EA3E71DE5588A00B1F462 /* Build configuration list for PBXNativeTarget "Objc2016" */ = {
			isa = XCConfigurationList;
			buildConfigurations = (
				0C4EA3E81DE5588A00B1F462 /* Debug */,
				0C4EA3E91DE5588A00B1F462 /* Release */,
			);
			defaultConfigurationIsVisible = 0;
			defaultConfigurationName = Release;
		};
/* End XCConfigurationList section */
	};
	rootObject = 0C4EA3C81DE5588A00B1F462 /* Project object */;
}
